<?xml version="1.0" encoding="utf-8"?>
<Project ToolsVersion="4.0" xmlns="http://schemas.microsoft.com/developer/msbuild/2003">
  <ItemGroup>
    <Filter Include="Source Files">
      <UniqueIdentifier>{4FC737F1-C7A5-4376-A066-2A32D752A2FF}</UniqueIdentifier>
      <Extensions>cpp;c;cc;cxx;def;odl;idl;hpj;bat;asm;asmx</Extensions>
    </Filter>
    <Filter Include="Header Files">
      <UniqueIdentifier>{93995380-89BD-4b04-88EB-625FBE52EBFB}</UniqueIdentifier>
      <Extensions>h;hh;hpp;hxx;hm;inl;inc;ipp;xsd</Extensions>
    </Filter>
    <Filter Include="Resource Files">
      <UniqueIdentifier>{67DA6AB6-F800-4c08-8B7A-83BB121AAD01}</UniqueIdentifier>
      <Extensions>rc;ico;cur;bmp;dlg;rc2;rct;bin;rgs;gif;jpg;jpeg;jpe;resx;tiff;tif;png;wav;mfcribbon-ms</Extensions>
    </Filter>
  </ItemGroup>
  <ItemGroup>
    <None Include="packages.config" />
  </ItemGroup>
  <ItemGroup>
    <ClInclude Include="source\secro\Game.h">
      <Filter>Header Files</Filter>
    </ClInclude>
    <ClInclude Include="source\secro\framework\physics\PhysicsManager.h">
      <Filter>Header Files</Filter>
    </ClInclude>
    <ClInclude Include="source\secro\framework\physics\PlayerCollision.h">
      <Filter>Header Files</Filter>
    </ClInclude>
    <ClInclude Include="source\secro\framework\physics\StageCollision.h">
      <Filter>Header Files</Filter>
    </ClInclude>
    <ClInclude Include="source\secro\framework\input\InputManager.h">
      <Filter>Header Files</Filter>
    </ClInclude>
    <ClInclude Include="source\secro\framework\input\Controller.h">
      <Filter>Header Files</Filter>
    </ClInclude>
    <ClInclude Include="source\secro\framework\player\PlayerCharacter.h">
      <Filter>Header Files</Filter>
    </ClInclude>
    <ClInclude Include="source\secro\framework\player\PlayerState.h">
      <Filter>Header Files</Filter>
    </ClInclude>
    <ClInclude Include="source\secro\framework\player\MovementState.h">
      <Filter>Header Files</Filter>
    </ClInclude>
    <ClInclude Include="source\secro\framework\player\StateMachine.h">
      <Filter>Header Files</Filter>
    </ClInclude>
    <ClInclude Include="source\secro\framework\player\Timeline.h">
      <Filter>Header Files</Filter>
    </ClInclude>
    <ClInclude Include="source\secro\framework\Entity.h">
      <Filter>Header Files</Filter>
    </ClInclude>
    <ClInclude Include="source\secro\framework\collision\Hitbox.h">
      <Filter>Header Files</Filter>
    </ClInclude>
    <ClInclude Include="source\secro\framework\collision\CircleHitbox.h">
      <Filter>Header Files</Filter>
    </ClInclude>
    <ClInclude Include="source\secro\framework\collision\Box.h">
      <Filter>Header Files</Filter>
    </ClInclude>
    <ClInclude Include="source\secro\framework\collision\FacingDirection.h">
      <Filter>Header Files</Filter>
    </ClInclude>
    <ClInclude Include="source\secro\framework\collision\BoxHitbox.h">
      <Filter>Header Files</Filter>
    </ClInclude>
    <ClInclude Include="source\secro\framework\collision\HitboxCollection.h">
      <Filter>Header Files</Filter>
    </ClInclude>
    <ClInclude Include="source\secro\framework\collision\HitboxChange.h">
      <Filter>Header Files</Filter>
    </ClInclude>
    <ClInclude Include="source\secro\framework\collision\HitboxManager.h">
      <Filter>Header Files</Filter>
    </ClInclude>
    <ClInclude Include="source\secro\framework\player\PlayerAttributes.h">
      <Filter>Header Files</Filter>
    </ClInclude>
    <ClInclude Include="source\secro\framework\collision\Attack.h">
      <Filter>Header Files</Filter>
    </ClInclude>
    <ClInclude Include="source\secro\framework\collision\FrameData.h">
      <Filter>Header Files</Filter>
    </ClInclude>
    <ClInclude Include="source\secro\framework\collision\CollisionRenderer.h">
      <Filter>Header Files</Filter>
    </ClInclude>
    <ClInclude Include="source\imgui\imgui-SFML.h">
      <Filter>Header Files</Filter>
    </ClInclude>
    <ClInclude Include="source\secro\framework\detail\PlainVectorMath.h">
      <Filter>Header Files</Filter>
    </ClInclude>
    <ClInclude Include="source\secro\framework\GameplaySettings.h">
      <Filter>Header Files</Filter>
    </ClInclude>
    <ClInclude Include="source\secro\framework\player\AttackCollection.h">
      <Filter>Header Files</Filter>
    </ClInclude>
    <ClInclude Include="source\secro\framework\physics\Filters.h">
      <Filter>Header Files</Filter>
    </ClInclude>
    <ClInclude Include="source\secro\gameplay\characters\CharacterDashette.h">
      <Filter>Header Files</Filter>
    </ClInclude>
    <ClInclude Include="source\secro\gameplay\characters\CharacterDashetteP2.h">
      <Filter>Header Files</Filter>
    </ClInclude>
    <ClInclude Include="source\secro\gameplay\Camera.h">
      <Filter>Header Files</Filter>
    </ClInclude>
    <ClInclude Include="source\secro\framework\DebugOptions.h">
      <Filter>Header Files</Filter>
    </ClInclude>
    <ClInclude Include="source\secro\framework\collision\HitResult.h">
      <Filter>Header Files</Filter>
    </ClInclude>
    <ClInclude Include="source\secro\gameplay\PlayerManager.h">
      <Filter>Header Files</Filter>
    </ClInclude>
    <ClInclude Include="source\secro\gameplay\Rules.h">
      <Filter>Header Files</Filter>
    </ClInclude>
    <ClInclude Include="source\secro\framework\input\InputTestBot.h">
      <Filter>Header Files</Filter>
    </ClInclude>
    <ClInclude Include="source\secro\netplay\NetplayGame.h">
      <Filter>Header Files</Filter>
    </ClInclude>
    <ClInclude Include="source\secro\IGame.h">
      <Filter>Header Files</Filter>
    </ClInclude>
    <ClInclude Include="source\secro\netplay\InputPacket.h">
      <Filter>Header Files</Filter>
    </ClInclude>
    <ClInclude Include="source\secro\netplay\Essentials.h">
      <Filter>Header Files</Filter>
    </ClInclude>
    <ClInclude Include="source\secro\framework\graphics\Animation.h">
      <Filter>Header Files</Filter>
    </ClInclude>
    <ClInclude Include="source\secro\framework\graphics\AnimatedSprite.h">
      <Filter>Header Files</Filter>
    </ClInclude>
    <ClInclude Include="source\secro\framework\level\Level.h">
      <Filter>Header Files</Filter>
    </ClInclude>
    <ClInclude Include="source\secro\framework\ui\UIManager.h">
      <Filter>Header Files</Filter>
    </ClInclude>
    <ClInclude Include="source\secro\framework\ui\UIButton.h">
      <Filter>Header Files</Filter>
    </ClInclude>
    <ClInclude Include="source\secro\framework\ui\UIElement.h">
      <Filter>Header Files</Filter>
    </ClInclude>
    <ClInclude Include="source\secro\framework\ui\UISelectable.h">
      <Filter>Header Files</Filter>
    </ClInclude>
    <ClInclude Include="source\secro\framework\ui\UITransform.h">
      <Filter>Header Files</Filter>
    </ClInclude>
    <ClInclude Include="source\secro\framework\ui\UIMenu.h">
      <Filter>Header Files</Filter>
    </ClInclude>
    <ClInclude Include="source\secro\framework\ui\UIResult.h">
      <Filter>Header Files</Filter>
    </ClInclude>
  </ItemGroup>
  <ItemGroup>
    <ClCompile Include="source\secro\main.cpp">
      <Filter>Source Files</Filter>
    </ClCompile>
    <ClCompile Include="source\secro\Game.cpp">
      <Filter>Source Files</Filter>
    </ClCompile>
    <ClCompile Include="source\secro\framework\physics\PhysicsManager.cpp">
      <Filter>Source Files</Filter>
    </ClCompile>
    <ClCompile Include="source\secro\framework\physics\PlayerCollision.cpp">
      <Filter>Source Files</Filter>
    </ClCompile>
    <ClCompile Include="source\secro\framework\physics\StageCollision.cpp">
      <Filter>Source Files</Filter>
    </ClCompile>
    <ClCompile Include="source\secro\framework\input\Controller.cpp">
      <Filter>Source Files</Filter>
    </ClCompile>
    <ClCompile Include="source\secro\framework\input\InputManager.cpp">
      <Filter>Source Files</Filter>
    </ClCompile>
    <ClCompile Include="source\secro\framework\collision\HitboxChange.cpp">
      <Filter>Source Files</Filter>
    </ClCompile>
    <ClCompile Include="source\secro\framework\player\PlayerAttributes.cpp">
      <Filter>Source Files</Filter>
    </ClCompile>
    <ClCompile Include="source\secro\framework\player\PlayerCharacter.cpp">
      <Filter>Source Files</Filter>
    </ClCompile>
    <ClCompile Include="source\secro\framework\player\StateMachine.cpp">
      <Filter>Source Files</Filter>
    </ClCompile>
    <ClCompile Include="source\secro\framework\collision\CollisionRenderer.cpp">
      <Filter>Source Files</Filter>
    </ClCompile>
    <ClCompile Include="source\imgui\imgui.cpp">
      <Filter>Source Files</Filter>
    </ClCompile>
    <ClCompile Include="source\imgui\imgui_draw.cpp">
      <Filter>Source Files</Filter>
    </ClCompile>
    <ClCompile Include="source\imgui\imgui-SFML.cpp">
      <Filter>Source Files</Filter>
    </ClCompile>
    <ClCompile Include="source\imgui\imgui_widgets.cpp">
      <Filter>Source Files</Filter>
    </ClCompile>
    <ClCompile Include="source\secro\framework\collision\Hitbox.cpp">
      <Filter>Source Files</Filter>
    </ClCompile>
    <ClCompile Include="source\secro\framework\collision\CircleHitbox.cpp">
      <Filter>Source Files</Filter>
    </ClCompile>
    <ClCompile Include="source\secro\framework\GameplaySettings.cpp">
      <Filter>Source Files</Filter>
    </ClCompile>
    <ClCompile Include="source\secro\framework\player\AttackCollection.cpp">
      <Filter>Source Files</Filter>
    </ClCompile>
    <ClCompile Include="source\secro\framework\collision\HitboxManager.cpp">
      <Filter>Source Files</Filter>
    </ClCompile>
    <ClCompile Include="source\secro\framework\collision\HitboxCollection.cpp">
      <Filter>Source Files</Filter>
    </ClCompile>
    <ClCompile Include="source\secro\gameplay\characters\CharacterDashette.cpp">
      <Filter>Source Files</Filter>
    </ClCompile>
    <ClCompile Include="source\secro\gameplay\characters\CharacterDashetteP2.cpp">
      <Filter>Source Files</Filter>
    </ClCompile>
    <ClCompile Include="source\secro\gameplay\Camera.cpp">
      <Filter>Source Files</Filter>
    </ClCompile>
    <ClCompile Include="source\secro\framework\DebugOptions.cpp">
      <Filter>Source Files</Filter>
    </ClCompile>
    <ClCompile Include="source\secro\gameplay\PlayerManager.cpp">
      <Filter>Source Files</Filter>
    </ClCompile>
    <ClCompile Include="source\secro\framework\input\InputTestBot.cpp">
      <Filter>Source Files</Filter>
    </ClCompile>
    <ClCompile Include="source\secro\netplay\NetplayGame.cpp">
      <Filter>Source Files</Filter>
    </ClCompile>
    <ClCompile Include="source\secro\netplay\InputPacket.cpp">
      <Filter>Source Files</Filter>
    </ClCompile>
    <ClCompile Include="source\secro\framework\graphics\Animation.cpp">
      <Filter>Source Files</Filter>
    </ClCompile>
    <ClCompile Include="source\secro\framework\graphics\AnimatedSprite.cpp">
      <Filter>Source Files</Filter>
    </ClCompile>
    <ClCompile Include="source\secro\framework\ui\UIManager.cpp">
      <Filter>Source Files</Filter>
    </ClCompile>
  </ItemGroup>
</Project>