
Microsoft Visual Studio Solution File, Format Version 12.00
# Visual Studio 15
VisualStudioVersion = 15.0.28306.52
MinimumVisualStudioVersion = 10.0.40219.1
Project("{8BC9CEB8-8B4A-11D0-8D11-00A0C91BC942}") = "Secro", "Secro\Secro.vcxproj", "{B9AAD7C6-4A60-4CEF-A4CF-97F84736892B}"
	ProjectSection(ProjectDependencies) = postProject
		{EB1BB2D6-BB8E-4E76-9420-133F0A5597C5} = {EB1BB2D6-BB8E-4E76-9420-133F0A5597C5}
	EndProjectSection
EndProject
Project("{8BC9CEB8-8B4A-11D0-8D11-00A0C91BC942}") = "KraNet", "KraNet\KraNet.vcxproj", "{EB1BB2D6-BB8E-4E76-9420-133F0A5597C5}"
EndProject
Global
	GlobalSection(SolutionConfigurationPlatforms) = preSolution
		Debug|Any CPU = Debug|Any CPU
		Debug|x64 = Debug|x64
		Debug|x86 = Debug|x86
		Release|Any CPU = Release|Any CPU
		Release|x64 = Release|x64
		Release|x86 = Release|x86
	EndGlobalSection
	GlobalSection(ProjectConfigurationPlatforms) = postSolution
		{B9AAD7C6-4A60-4CEF-A4CF-97F84736892B}.Debug|Any CPU.ActiveCfg = Debug|Win32
		{B9AAD7C6-4A60-4CEF-A4CF-97F84736892B}.Debug|x64.ActiveCfg = Debug|x64
		{B9AAD7C6-4A60-4CEF-A4CF-97F84736892B}.Debug|x64.Build.0 = Debug|x64
		{B9AAD7C6-4A60-4CEF-A4CF-97F84736892B}.Debug|x86.ActiveCfg = Debug|Win32
		{B9AAD7C6-4A60-4CEF-A4CF-97F84736892B}.Debug|x86.Build.0 = Debug|Win32
		{B9AAD7C6-4A60-4CEF-A4CF-97F84736892B}.Release|Any CPU.ActiveCfg = Release|Win32
		{B9AAD7C6-4A60-4CEF-A4CF-97F84736892B}.Release|x64.ActiveCfg = Release|x64
		{B9AAD7C6-4A60-4CEF-A4CF-97F84736892B}.Release|x64.Build.0 = Release|x64
		{B9AAD7C6-4A60-4CEF-A4CF-97F84736892B}.Release|x86.ActiveCfg = Release|Win32
		{B9AAD7C6-4A60-4CEF-A4CF-97F84736892B}.Release|x86.Build.0 = Release|Win32
		{EB1BB2D6-BB8E-4E76-9420-133F0A5597C5}.Debug|Any CPU.ActiveCfg = Debug|Win32
		{EB1BB2D6-BB8E-4E76-9420-133F0A5597C5}.Debug|x64.ActiveCfg = Debug|x64
		{EB1BB2D6-BB8E-4E76-9420-133F0A5597C5}.Debug|x64.Build.0 = Debug|x64
		{EB1BB2D6-BB8E-4E76-9420-133F0A5597C5}.Debug|x86.ActiveCfg = Debug|Win32
		{EB1BB2D6-BB8E-4E76-9420-133F0A5597C5}.Debug|x86.Build.0 = Debug|Win32
		{EB1BB2D6-BB8E-4E76-9420-133F0A5597C5}.Release|Any CPU.ActiveCfg = Release|Win32
		{EB1BB2D6-BB8E-4E76-9420-133F0A5597C5}.Release|x64.ActiveCfg = Release|x64
		{EB1BB2D6-BB8E-4E76-9420-133F0A5597C5}.Release|x64.Build.0 = Release|x64
		{EB1BB2D6-BB8E-4E76-9420-133F0A5597C5}.Release|x86.ActiveCfg = Release|Win32
		{EB1BB2D6-BB8E-4E76-9420-133F0A5597C5}.Release|x86.Build.0 = Release|Win32
	EndGlobalSection
	GlobalSection(SolutionProperties) = preSolution
		HideSolutionNode = FALSE
	EndGlobalSection
	GlobalSection(ExtensibilityGlobals) = postSolution
		SolutionGuid = {FAFD8AFB-7807-407B-B0D8-4F32D0667CE7}
	EndGlobalSection
EndGlobal
